
Microsoft Visual Studio Solution File, Format Version 12.00
# Visual Studio Version 17
VisualStudioVersion = 17.2.32630.192
MinimumVisualStudioVersion = 10.0.40219.1
Project("{9A19103F-16F7-4668-BE54-9A1E7A4F7556}") = "Schedule", "Schedule.csproj", "{04ACE0DE-00FA-4B05-8B27-29C34A0454ED}"
EndProject
Global
	GlobalSection(SolutionConfigurationPlatforms) = preSolution
		Debug|Any CPU = Debug|Any CPU
		Release|Any CPU = Release|Any CPU
	EndGlobalSection
	GlobalSection(ProjectConfigurationPlatforms) = postSolution
		{04ACE0DE-00FA-4B05-8B27-29C34A0454ED}.Debug|Any CPU.ActiveCfg = Debug|Any CPU
		{04ACE0DE-00FA-4B05-8B27-29C34A0454ED}.Debug|Any CPU.Build.0 = Debug|Any CPU
		{04ACE0DE-00FA-4B05-8B27-29C34A0454ED}.Release|Any CPU.ActiveCfg = Release|Any CPU
		{04ACE0DE-00FA-4B05-8B27-29C34A0454ED}.Release|Any CPU.Build.0 = Release|Any CPU
	EndGlobalSection
	GlobalSection(SolutionProperties) = preSolution
		HideSolutionNode = FALSE
	EndGlobalSection
	GlobalSection(ExtensibilityGlobals) = postSolution
		SolutionGuid = {465177E5-9D19-4AA3-B95D-1D8950895616}
	EndGlobalSection
EndGlobal
